
Microsoft Visual Studio Solution File, Format Version 12.00
# Visual Studio Version 16
VisualStudioVersion = 16.0.31005.135
MinimumVisualStudioVersion = 10.0.40219.1
Project("{FAE04EC0-301F-11D3-BF4B-00C04F79EFBC}") = "BazaDancyhAPI", "BazaDancyhAPI\BazaDancyhAPI.csproj", "{82F897E7-3C36-407B-8AC6-ABDDA96DBA07}"
EndProject
Global
	GlobalSection(SolutionConfigurationPlatforms) = preSolution
		Debug|Any CPU = Debug|Any CPU
		Release|Any CPU = Release|Any CPU
	EndGlobalSection
	GlobalSection(ProjectConfigurationPlatforms) = postSolution
		{82F897E7-3C36-407B-8AC6-ABDDA96DBA07}.Debug|Any CPU.ActiveCfg = Debug|Any CPU
		{82F897E7-3C36-407B-8AC6-ABDDA96DBA07}.Debug|Any CPU.Build.0 = Debug|Any CPU
		{82F897E7-3C36-407B-8AC6-ABDDA96DBA07}.Release|Any CPU.ActiveCfg = Release|Any CPU
		{82F897E7-3C36-407B-8AC6-ABDDA96DBA07}.Release|Any CPU.Build.0 = Release|Any CPU
	EndGlobalSection
	GlobalSection(SolutionProperties) = preSolution
		HideSolutionNode = FALSE
	EndGlobalSection
	GlobalSection(ExtensibilityGlobals) = postSolution
		SolutionGuid = {C212B91A-F83B-48BA-AD42-68C640361C99}
	EndGlobalSection
EndGlobal
